
Microsoft Visual Studio Solution File, Format Version 12.00
# Visual Studio Version 17
VisualStudioVersion = 17.0.31919.166
MinimumVisualStudioVersion = 10.0.40219.1
Project("{FAE04EC0-301F-11D3-BF4B-00C04F79EFBC}") = "HomeWorkASP", "HomeWorkASP\HomeWorkASP.csproj", "{B84F4C59-AC9E-45D6-8B46-12C07A442EA4}"
EndProject
Global
	GlobalSection(SolutionConfigurationPlatforms) = preSolution
		Debug|Any CPU = Debug|Any CPU
		Release|Any CPU = Release|Any CPU
	EndGlobalSection
	GlobalSection(ProjectConfigurationPlatforms) = postSolution
		{B84F4C59-AC9E-45D6-8B46-12C07A442EA4}.Debug|Any CPU.ActiveCfg = Debug|Any CPU
		{B84F4C59-AC9E-45D6-8B46-12C07A442EA4}.Debug|Any CPU.Build.0 = Debug|Any CPU
		{B84F4C59-AC9E-45D6-8B46-12C07A442EA4}.Release|Any CPU.ActiveCfg = Release|Any CPU
		{B84F4C59-AC9E-45D6-8B46-12C07A442EA4}.Release|Any CPU.Build.0 = Release|Any CPU
	EndGlobalSection
	GlobalSection(SolutionProperties) = preSolution
		HideSolutionNode = FALSE
	EndGlobalSection
	GlobalSection(ExtensibilityGlobals) = postSolution
		SolutionGuid = {2B601AE1-1261-42B4-92F3-7A64C0A9F87A}
	EndGlobalSection
EndGlobal
